
Microsoft Visual Studio Solution File, Format Version 12.00
# Visual Studio Version 16
VisualStudioVersion = 16.0.29503.13
MinimumVisualStudioVersion = 10.0.40219.1
Project("{FAE04EC0-301F-11D3-BF4B-00C04F79EFBC}") = "JsonConvert", "JsonConvert.csproj", "{44FEF5E9-FFA6-41C0-AB57-ECBB624838D2}"
EndProject
Global
	GlobalSection(SolutionConfigurationPlatforms) = preSolution
		Debug|Any CPU = Debug|Any CPU
		Release|Any CPU = Release|Any CPU
	EndGlobalSection
	GlobalSection(ProjectConfigurationPlatforms) = postSolution
		{44FEF5E9-FFA6-41C0-AB57-ECBB624838D2}.Debug|Any CPU.ActiveCfg = Debug|Any CPU
		{44FEF5E9-FFA6-41C0-AB57-ECBB624838D2}.Debug|Any CPU.Build.0 = Debug|Any CPU
		{44FEF5E9-FFA6-41C0-AB57-ECBB624838D2}.Release|Any CPU.ActiveCfg = Release|Any CPU
		{44FEF5E9-FFA6-41C0-AB57-ECBB624838D2}.Release|Any CPU.Build.0 = Release|Any CPU
	EndGlobalSection
	GlobalSection(SolutionProperties) = preSolution
		HideSolutionNode = FALSE
	EndGlobalSection
	GlobalSection(ExtensibilityGlobals) = postSolution
		SolutionGuid = {8EDE0716-D65A-4E64-9B5D-3F13A0616537}
	EndGlobalSection
EndGlobal
